// !$*UTF8*$!
{
	archiveVersion = 1;
	classes = {
	};
	objectVersion = 56;
	objects = {

/* Begin PBXBuildFile section */
		088655A629277ADD00A9B844 /* AppDelegate.swift in Sources */ = {isa = PBXBuildFile; fileRef = 088655A529277ADD00A9B844 /* AppDelegate.swift */; };
		088655A829277ADD00A9B844 /* SceneDelegate.swift in Sources */ = {isa = PBXBuildFile; fileRef = 088655A729277ADD00A9B844 /* SceneDelegate.swift */; };
		088655AA29277ADD00A9B844 /* ViewController.swift in Sources */ = {isa = PBXBuildFile; fileRef = 088655A929277ADD00A9B844 /* ViewController.swift */; };
		088655AD29277ADD00A9B844 /* Main.storyboard in Resources */ = {isa = PBXBuildFile; fileRef = 088655AB29277ADD00A9B844 /* Main.storyboard */; };
		088655AF29277ADF00A9B844 /* Assets.xcassets in Resources */ = {isa = PBXBuildFile; fileRef = 088655AE29277ADF00A9B844 /* Assets.xcassets */; };
		088655B229277ADF00A9B844 /* LaunchScreen.storyboard in Resources */ = {isa = PBXBuildFile; fileRef = 088655B029277ADF00A9B844 /* LaunchScreen.storyboard */; };
		088655BD29277ADF00A9B844 /* MemoryTests.swift in Sources */ = {isa = PBXBuildFile; fileRef = 088655BC29277ADF00A9B844 /* MemoryTests.swift */; };
		088655C729277ADF00A9B844 /* MemoryUITests.swift in Sources */ = {isa = PBXBuildFile; fileRef = 088655C629277ADF00A9B844 /* MemoryUITests.swift */; };
		088655C929277ADF00A9B844 /* MemoryUITestsLaunchTests.swift in Sources */ = {isa = PBXBuildFile; fileRef = 088655C829277ADF00A9B844 /* MemoryUITestsLaunchTests.swift */; };
		088655D829277E0700A9B844 /* View1Controller.swift in Sources */ = {isa = PBXBuildFile; fileRef = 088655D729277E0700A9B844 /* View1Controller.swift */; };
		088655DA2927860E00A9B844 /* View2Controller.swift in Sources */ = {isa = PBXBuildFile; fileRef = 088655D92927860E00A9B844 /* View2Controller.swift */; };
		9F832BAE294A461C00E26A2C /* img in Resources */ = {isa = PBXBuildFile; fileRef = 9F832BAD294A461C00E26A2C /* img */; };
/* End PBXBuildFile section */

/* Begin PBXContainerItemProxy section */
		088655B929277ADF00A9B844 /* PBXContainerItemProxy */ = {
			isa = PBXContainerItemProxy;
			containerPortal = 0886559A29277ADD00A9B844 /* Project object */;
			proxyType = 1;
			remoteGlobalIDString = 088655A129277ADD00A9B844;
			remoteInfo = Memory;
		};
		088655C329277ADF00A9B844 /* PBXContainerItemProxy */ = {
			isa = PBXContainerItemProxy;
			containerPortal = 0886559A29277ADD00A9B844 /* Project object */;
			proxyType = 1;
			remoteGlobalIDString = 088655A129277ADD00A9B844;
			remoteInfo = Memory;
		};
/* End PBXContainerItemProxy section */

/* Begin PBXFileReference section */
		088655A229277ADD00A9B844 /* Memory.app */ = {isa = PBXFileReference; explicitFileType = wrapper.application; includeInIndex = 0; path = Memory.app; sourceTree = BUILT_PRODUCTS_DIR; };
		088655A529277ADD00A9B844 /* AppDelegate.swift */ = {isa = PBXFileReference; lastKnownFileType = sourcecode.swift; path = AppDelegate.swift; sourceTree = "<group>"; };
		088655A729277ADD00A9B844 /* SceneDelegate.swift */ = {isa = PBXFileReference; lastKnownFileType = sourcecode.swift; path = SceneDelegate.swift; sourceTree = "<group>"; };
		088655A929277ADD00A9B844 /* ViewController.swift */ = {isa = PBXFileReference; lastKnownFileType = sourcecode.swift; path = ViewController.swift; sourceTree = "<group>"; };
		088655AC29277ADD00A9B844 /* Base */ = {isa = PBXFileReference; lastKnownFileType = file.storyboard; name = Base; path = Base.lproj/Main.storyboard; sourceTree = "<group>"; };
		088655AE29277ADF00A9B844 /* Assets.xcassets */ = {isa = PBXFileReference; lastKnownFileType = folder.assetcatalog; path = Assets.xcassets; sourceTree = "<group>"; };
		088655B129277ADF00A9B844 /* Base */ = {isa = PBXFileReference; lastKnownFileType = file.storyboard; name = Base; path = Base.lproj/LaunchScreen.storyboard; sourceTree = "<group>"; };
		088655B329277ADF00A9B844 /* Info.plist */ = {isa = PBXFileReference; lastKnownFileType = text.plist.xml; path = Info.plist; sourceTree = "<group>"; };
		088655B829277ADF00A9B844 /* MemoryTests.xctest */ = {isa = PBXFileReference; explicitFileType = wrapper.cfbundle; includeInIndex = 0; path = MemoryTests.xctest; sourceTree = BUILT_PRODUCTS_DIR; };
		088655BC29277ADF00A9B844 /* MemoryTests.swift */ = {isa = PBXFileReference; lastKnownFileType = sourcecode.swift; path = MemoryTests.swift; sourceTree = "<group>"; };
		088655C229277ADF00A9B844 /* MemoryUITests.xctest */ = {isa = PBXFileReference; explicitFileType = wrapper.cfbundle; includeInIndex = 0; path = MemoryUITests.xctest; sourceTree = BUILT_PRODUCTS_DIR; };
		088655C629277ADF00A9B844 /* MemoryUITests.swift */ = {isa = PBXFileReference; lastKnownFileType = sourcecode.swift; path = MemoryUITests.swift; sourceTree = "<group>"; };
		088655C829277ADF00A9B844 /* MemoryUITestsLaunchTests.swift */ = {isa = PBXFileReference; lastKnownFileType = sourcecode.swift; path = MemoryUITestsLaunchTests.swift; sourceTree = "<group>"; };
		088655D729277E0700A9B844 /* View1Controller.swift */ = {isa = PBXFileReference; lastKnownFileType = sourcecode.swift; path = View1Controller.swift; sourceTree = "<group>"; };
		088655D92927860E00A9B844 /* View2Controller.swift */ = {isa = PBXFileReference; lastKnownFileType = sourcecode.swift; path = View2Controller.swift; sourceTree = "<group>"; };
		9F832BAD294A461C00E26A2C /* img */ = {isa = PBXFileReference; lastKnownFileType = folder; path = img; sourceTree = "<group>"; };
/* End PBXFileReference section */

/* Begin PBXFrameworksBuildPhase section */
		0886559F29277ADD00A9B844 /* Frameworks */ = {
			isa = PBXFrameworksBuildPhase;
			buildActionMask = 2147483647;
			files = (
			);
			runOnlyForDeploymentPostprocessing = 0;
		};
		088655B529277ADF00A9B844 /* Frameworks */ = {
			isa = PBXFrameworksBuildPhase;
			buildActionMask = 2147483647;
			files = (
			);
			runOnlyForDeploymentPostprocessing = 0;
		};
		088655BF29277ADF00A9B844 /* Frameworks */ = {
			isa = PBXFrameworksBuildPhase;
			buildActionMask = 2147483647;
			files = (
			);
			runOnlyForDeploymentPostprocessing = 0;
		};
/* End PBXFrameworksBuildPhase section */

/* Begin PBXGroup section */
		0886559929277ADD00A9B844 = {
			isa = PBXGroup;
			children = (
				088655A429277ADD00A9B844 /* Memory */,
				088655BB29277ADF00A9B844 /* MemoryTests */,
				088655C529277ADF00A9B844 /* MemoryUITests */,
				088655A329277ADD00A9B844 /* Products */,
			);
			sourceTree = "<group>";
		};
		088655A329277ADD00A9B844 /* Products */ = {
			isa = PBXGroup;
			children = (
				088655A229277ADD00A9B844 /* Memory.app */,
				088655B829277ADF00A9B844 /* MemoryTests.xctest */,
				088655C229277ADF00A9B844 /* MemoryUITests.xctest */,
			);
			name = Products;
			sourceTree = "<group>";
		};
		088655A429277ADD00A9B844 /* Memory */ = {
			isa = PBXGroup;
			children = (
				088655A529277ADD00A9B844 /* AppDelegate.swift */,
				088655A729277ADD00A9B844 /* SceneDelegate.swift */,
				088655A929277ADD00A9B844 /* ViewController.swift */,
				088655AB29277ADD00A9B844 /* Main.storyboard */,
				088655AE29277ADF00A9B844 /* Assets.xcassets */,
				088655B029277ADF00A9B844 /* LaunchScreen.storyboard */,
				088655B329277ADF00A9B844 /* Info.plist */,
				088655D729277E0700A9B844 /* View1Controller.swift */,
				088655D92927860E00A9B844 /* View2Controller.swift */,
				9F832BAD294A461C00E26A2C /* img */,
			);
			path = Memory;
			sourceTree = "<group>";
		};
		088655BB29277ADF00A9B844 /* MemoryTests */ = {
			isa = PBXGroup;
			children = (
				088655BC29277ADF00A9B844 /* MemoryTests.swift */,
			);
			path = MemoryTests;
			sourceTree = "<group>";
		};
		088655C529277ADF00A9B844 /* MemoryUITests */ = {
			isa = PBXGroup;
			children = (
				088655C629277ADF00A9B844 /* MemoryUITests.swift */,
				088655C829277ADF00A9B844 /* MemoryUITestsLaunchTests.swift */,
			);
			path = MemoryUITests;
			sourceTree = "<group>";
		};
/* End PBXGroup section */

/* Begin PBXNativeTarget section */
		088655A129277ADD00A9B844 /* Memory */ = {
			isa = PBXNativeTarget;
			buildConfigurationList = 088655CC29277ADF00A9B844 /* Build configuration list for PBXNativeTarget "Memory" */;
			buildPhases = (
				0886559E29277ADD00A9B844 /* Sources */,
				0886559F29277ADD00A9B844 /* Frameworks */,
				088655A029277ADD00A9B844 /* Resources */,
			);
			buildRules = (
			);
			dependencies = (
			);
			name = Memory;
			productName = Memory;
			productReference = 088655A229277ADD00A9B844 /* Memory.app */;
			productType = "com.apple.product-type.application";
		};
		088655B729277ADF00A9B844 /* MemoryTests */ = {
			isa = PBXNativeTarget;
			buildConfigurationList = 088655CF29277ADF00A9B844 /* Build configuration list for PBXNativeTarget "MemoryTests" */;
			buildPhases = (
				088655B429277ADF00A9B844 /* Sources */,
				088655B529277ADF00A9B844 /* Frameworks */,
				088655B629277ADF00A9B844 /* Resources */,
			);
			buildRules = (
			);
			dependencies = (
				088655BA29277ADF00A9B844 /* PBXTargetDependency */,
			);
			name = MemoryTests;
			productName = MemoryTests;
			productReference = 088655B829277ADF00A9B844 /* MemoryTests.xctest */;
			productType = "com.apple.product-type.bundle.unit-test";
		};
		088655C129277ADF00A9B844 /* MemoryUITests */ = {
			isa = PBXNativeTarget;
			buildConfigurationList = 088655D229277ADF00A9B844 /* Build configuration list for PBXNativeTarget "MemoryUITests" */;
			buildPhases = (
				088655BE29277ADF00A9B844 /* Sources */,
				088655BF29277ADF00A9B844 /* Frameworks */,
				088655C029277ADF00A9B844 /* Resources */,
			);
			buildRules = (
			);
			dependencies = (
				088655C429277ADF00A9B844 /* PBXTargetDependency */,
			);
			name = MemoryUITests;
			productName = MemoryUITests;
			productReference = 088655C229277ADF00A9B844 /* MemoryUITests.xctest */;
			productType = "com.apple.product-type.bundle.ui-testing";
		};
/* End PBXNativeTarget section */

/* Begin PBXProject section */
		0886559A29277ADD00A9B844 /* Project object */ = {
			isa = PBXProject;
			attributes = {
				BuildIndependentTargetsInParallel = 1;
				LastSwiftUpdateCheck = 1400;
				LastUpgradeCheck = 1400;
				TargetAttributes = {
					088655A129277ADD00A9B844 = {
						CreatedOnToolsVersion = 14.0;
					};
					088655B729277ADF00A9B844 = {
						CreatedOnToolsVersion = 14.0;
						TestTargetID = 088655A129277ADD00A9B844;
					};
					088655C129277ADF00A9B844 = {
						CreatedOnToolsVersion = 14.0;
						TestTargetID = 088655A129277ADD00A9B844;
					};
				};
			};
			buildConfigurationList = 0886559D29277ADD00A9B844 /* Build configuration list for PBXProject "Memory" */;
			compatibilityVersion = "Xcode 14.0";
			developmentRegion = en;
			hasScannedForEncodings = 0;
			knownRegions = (
				en,
				Base,
			);
			mainGroup = 0886559929277ADD00A9B844;
			productRefGroup = 088655A329277ADD00A9B844 /* Products */;
			projectDirPath = "";
			projectRoot = "";
			targets = (
				088655A129277ADD00A9B844 /* Memory */,
				088655B729277ADF00A9B844 /* MemoryTests */,
				088655C129277ADF00A9B844 /* MemoryUITests */,
			);
		};
/* End PBXProject section */

/* Begin PBXResourcesBuildPhase section */
		088655A029277ADD00A9B844 /* Resources */ = {
			isa = PBXResourcesBuildPhase;
			buildActionMask = 2147483647;
			files = (
				9F832BAE294A461C00E26A2C /* img in Resources */,
				088655B229277ADF00A9B844 /* LaunchScreen.storyboard in Resources */,
				088655AF29277ADF00A9B844 /* Assets.xcassets in Resources */,
				088655AD29277ADD00A9B844 /* Main.storyboard in Resources */,
			);
			runOnlyForDeploymentPostprocessing = 0;
		};
		088655B629277ADF00A9B844 /* Resources */ = {
			isa = PBXResourcesBuildPhase;
			buildActionMask = 2147483647;
			files = (
			);
			runOnlyForDeploymentPostprocessing = 0;
		};
		088655C029277ADF00A9B844 /* Resources */ = {
			isa = PBXResourcesBuildPhase;
			buildActionMask = 2147483647;
			files = (
			);
			runOnlyForDeploymentPostprocessing = 0;
		};
/* End PBXResourcesBuildPhase section */

/* Begin PBXSourcesBuildPhase section */
		0886559E29277ADD00A9B844 /* Sources */ = {
			isa = PBXSourcesBuildPhase;
			buildActionMask = 2147483647;
			files = (
				088655D829277E0700A9B844 /* View1Controller.swift in Sources */,
				088655DA2927860E00A9B844 /* View2Controller.swift in Sources */,
				088655AA29277ADD00A9B844 /* ViewController.swift in Sources */,
				088655A629277ADD00A9B844 /* AppDelegate.swift in Sources */,
				088655A829277ADD00A9B844 /* SceneDelegate.swift in Sources */,
			);
			runOnlyForDeploymentPostprocessing = 0;
		};
		088655B429277ADF00A9B844 /* Sources */ = {
			isa = PBXSourcesBuildPhase;
			buildActionMask = 2147483647;
			files = (
				088655BD29277ADF00A9B844 /* MemoryTests.swift in Sources */,
			);
			runOnlyForDeploymentPostprocessing = 0;
		};
		088655BE29277ADF00A9B844 /* Sources */ = {
			isa = PBXSourcesBuildPhase;
			buildActionMask = 2147483647;
			files = (
				088655C729277ADF00A9B844 /* MemoryUITests.swift in Sources */,
				088655C929277ADF00A9B844 /* MemoryUITestsLaunchTests.swift in Sources */,
			);
			runOnlyForDeploymentPostprocessing = 0;
		};
/* End PBXSourcesBuildPhase section */

/* Begin PBXTargetDependency section */
		088655BA29277ADF00A9B844 /* PBXTargetDependency */ = {
			isa = PBXTargetDependency;
			target = 088655A129277ADD00A9B844 /* Memory */;
			targetProxy = 088655B929277ADF00A9B844 /* PBXContainerItemProxy */;
		};
		088655C429277ADF00A9B844 /* PBXTargetDependency */ = {
			isa = PBXTargetDependency;
			target = 088655A129277ADD00A9B844 /* Memory */;
			targetProxy = 088655C329277ADF00A9B844 /* PBXContainerItemProxy */;
		};
/* End PBXTargetDependency section */

/* Begin PBXVariantGroup section */
		088655AB29277ADD00A9B844 /* Main.storyboard */ = {
			isa = PBXVariantGroup;
			children = (
				088655AC29277ADD00A9B844 /* Base */,
			);
			name = Main.storyboard;
			sourceTree = "<group>";
		};
		088655B029277ADF00A9B844 /* LaunchScreen.storyboard */ = {
			isa = PBXVariantGroup;
			children = (
				088655B129277ADF00A9B844 /* Base */,
			);
			name = LaunchScreen.storyboard;
			sourceTree = "<group>";
		};
/* End PBXVariantGroup section */

/* Begin XCBuildConfiguration section */
		088655CA29277ADF00A9B844 /* Debug */ = {
			isa = XCBuildConfiguration;
			buildSettings = {
				ALWAYS_SEARCH_USER_PATHS = NO;
				CLANG_ANALYZER_NONNULL = YES;
				CLANG_ANALYZER_NUMBER_OBJECT_CONVERSION = YES_AGGRESSIVE;
				CLANG_CXX_LANGUAGE_STANDARD = "gnu++20";
				CLANG_ENABLE_MODULES = YES;
				CLANG_ENABLE_OBJC_ARC = YES;
				CLANG_ENABLE_OBJC_WEAK = YES;
				CLANG_WARN_BLOCK_CAPTURE_AUTORELEASING = YES;
				CLANG_WARN_BOOL_CONVERSION = YES;
				CLANG_WARN_COMMA = YES;
				CLANG_WARN_CONSTANT_CONVERSION = YES;
				CLANG_WARN_DEPRECATED_OBJC_IMPLEMENTATIONS = YES;
				CLANG_WARN_DIRECT_OBJC_ISA_USAGE = YES_ERROR;
				CLANG_WARN_DOCUMENTATION_COMMENTS = YES;
				CLANG_WARN_EMPTY_BODY = YES;
				CLANG_WARN_ENUM_CONVERSION = YES;
				CLANG_WARN_INFINITE_RECURSION = YES;
				CLANG_WARN_INT_CONVERSION = YES;
				CLANG_WARN_NON_LITERAL_NULL_CONVERSION = YES;
				CLANG_WARN_OBJC_IMPLICIT_RETAIN_SELF = YES;
				CLANG_WARN_OBJC_LITERAL_CONVERSION = YES;
				CLANG_WARN_OBJC_ROOT_CLASS = YES_ERROR;
				CLANG_WARN_QUOTED_INCLUDE_IN_FRAMEWORK_HEADER = YES;
				CLANG_WARN_RANGE_LOOP_ANALYSIS = YES;
				CLANG_WARN_STRICT_PROTOTYPES = YES;
				CLANG_WARN_SUSPICIOUS_MOVE = YES;
				CLANG_WARN_UNGUARDED_AVAILABILITY = YES_AGGRESSIVE;
				CLANG_WARN_UNREACHABLE_CODE = YES;
				CLANG_WARN__DUPLICATE_METHOD_MATCH = YES;
				COPY_PHASE_STRIP = NO;
				DEBUG_INFORMATION_FORMAT = dwarf;
				ENABLE_STRICT_OBJC_MSGSEND = YES;
				ENABLE_TESTABILITY = YES;
				GCC_C_LANGUAGE_STANDARD = gnu11;
				GCC_DYNAMIC_NO_PIC = NO;
				GCC_NO_COMMON_BLOCKS = YES;
				GCC_OPTIMIZATION_LEVEL = 0;
				GCC_PREPROCESSOR_DEFINITIONS = (
					"DEBUG=1",
					"$(inherited)",
				);
				GCC_WARN_64_TO_32_BIT_CONVERSION = YES;
				GCC_WARN_ABOUT_RETURN_TYPE = YES_ERROR;
				GCC_WARN_UNDECLARED_SELECTOR = YES;
				GCC_WARN_UNINITIALIZED_AUTOS = YES_AGGRESSIVE;
				GCC_WARN_UNUSED_FUNCTION = YES;
				GCC_WARN_UNUSED_VARIABLE = YES;
				IPHONEOS_DEPLOYMENT_TARGET = 16.0;
				MTL_ENABLE_DEBUG_INFO = INCLUDE_SOURCE;
				MTL_FAST_MATH = YES;
				ONLY_ACTIVE_ARCH = YES;
				SDKROOT = iphoneos;
				SWIFT_ACTIVE_COMPILATION_CONDITIONS = DEBUG;
				SWIFT_OPTIMIZATION_LEVEL = "-Onone";
			};
			name = Debug;
		};
		088655CB29277ADF00A9B844 /* Release */ = {
			isa = XCBuildConfiguration;
			buildSettings = {
				ALWAYS_SEARCH_USER_PATHS = NO;
				CLANG_ANALYZER_NONNULL = YES;
				CLANG_ANALYZER_NUMBER_OBJECT_CONVERSION = YES_AGGRESSIVE;
				CLANG_CXX_LANGUAGE_STANDARD = "gnu++20";
				CLANG_ENABLE_MODULES = YES;
				CLANG_ENABLE_OBJC_ARC = YES;
				CLANG_ENABLE_OBJC_WEAK = YES;
				CLANG_WARN_BLOCK_CAPTURE_AUTORELEASING = YES;
				CLANG_WARN_BOOL_CONVERSION = YES;
				CLANG_WARN_COMMA = YES;
				CLANG_WARN_CONSTANT_CONVERSION = YES;
				CLANG_WARN_DEPRECATED_OBJC_IMPLEMENTATIONS = YES;
				CLANG_WARN_DIRECT_OBJC_ISA_USAGE = YES_ERROR;
				CLANG_WARN_DOCUMENTATION_COMMENTS = YES;
				CLANG_WARN_EMPTY_BODY = YES;
				CLANG_WARN_ENUM_CONVERSION = YES;
				CLANG_WARN_INFINITE_RECURSION = YES;
				CLANG_WARN_INT_CONVERSION = YES;
				CLANG_WARN_NON_LITERAL_NULL_CONVERSION = YES;
				CLANG_WARN_OBJC_IMPLICIT_RETAIN_SELF = YES;
				CLANG_WARN_OBJC_LITERAL_CONVERSION = YES;
				CLANG_WARN_OBJC_ROOT_CLASS = YES_ERROR;
				CLANG_WARN_QUOTED_INCLUDE_IN_FRAMEWORK_HEADER = YES;
				CLANG_WARN_RANGE_LOOP_ANALYSIS = YES;
				CLANG_WARN_STRICT_PROTOTYPES = YES;
				CLANG_WARN_SUSPICIOUS_MOVE = YES;
				CLANG_WARN_UNGUARDED_AVAILABILITY = YES_AGGRESSIVE;
				CLANG_WARN_UNREACHABLE_CODE = YES;
				CLANG_WARN__DUPLICATE_METHOD_MATCH = YES;
				COPY_PHASE_STRIP = NO;
				DEBUG_INFORMATION_FORMAT = "dwarf-with-dsym";
				ENABLE_NS_ASSERTIONS = NO;
				ENABLE_STRICT_OBJC_MSGSEND = YES;
				GCC_C_LANGUAGE_STANDARD = gnu11;
				GCC_NO_COMMON_BLOCKS = YES;
				GCC_WARN_64_TO_32_BIT_CONVERSION = YES;
				GCC_WARN_ABOUT_RETURN_TYPE = YES_ERROR;
				GCC_WARN_UNDECLARED_SELECTOR = YES;
				GCC_WARN_UNINITIALIZED_AUTOS = YES_AGGRESSIVE;
				GCC_WARN_UNUSED_FUNCTION = YES;
				GCC_WARN_UNUSED_VARIABLE = YES;
				IPHONEOS_DEPLOYMENT_TARGET = 16.0;
				MTL_ENABLE_DEBUG_INFO = NO;
				MTL_FAST_MATH = YES;
				SDKROOT = iphoneos;
				SWIFT_COMPILATION_MODE = wholemodule;
				SWIFT_OPTIMIZATION_LEVEL = "-O";
				VALIDATE_PRODUCT = YES;
			};
			name = Release;
		};
		088655CD29277ADF00A9B844 /* Debug */ = {
			isa = XCBuildConfiguration;
			buildSettings = {
				ASSETCATALOG_COMPILER_APPICON_NAME = AppIcon;
				ASSETCATALOG_COMPILER_GLOBAL_ACCENT_COLOR_NAME = AccentColor;
				CODE_SIGN_STYLE = Automatic;
				CURRENT_PROJECT_VERSION = 1;
				DEVELOPMENT_TEAM = W2YCBP42JX;
				GENERATE_INFOPLIST_FILE = YES;
				INFOPLIST_FILE = Memory/Info.plist;
				INFOPLIST_KEY_UIApplicationSupportsIndirectInputEvents = YES;
				INFOPLIST_KEY_UILaunchStoryboardName = LaunchScreen;
				INFOPLIST_KEY_UIMainStoryboardFile = Main;
				INFOPLIST_KEY_UISupportedInterfaceOrientations_iPad = "UIInterfaceOrientationPortrait UIInterfaceOrientationPortraitUpsideDown UIInterfaceOrientationLandscapeLeft UIInterfaceOrientationLandscapeRight";
				INFOPLIST_KEY_UISupportedInterfaceOrientations_iPhone = "UIInterfaceOrientationPortrait UIInterfaceOrientationLandscapeLeft UIInterfaceOrientationLandscapeRight";
				IPHONEOS_DEPLOYMENT_TARGET = 15.6;
				LD_RUNPATH_SEARCH_PATHS = (
					"$(inherited)",
					"@executable_path/Frameworks",
				);
				MARKETING_VERSION = 1.0;
				PRODUCT_BUNDLE_IDENTIFIER = ZSL.MemoryGame;
				PRODUCT_NAME = "$(TARGET_NAME)";
				SWIFT_EMIT_LOC_STRINGS = YES;
				SWIFT_VERSION = 5.0;
				TARGETED_DEVICE_FAMILY = "1,2";
			};
			name = Debug;
		};
		088655CE29277ADF00A9B844 /* Release */ = {
			isa = XCBuildConfiguration;
			buildSettings = {
				ASSETCATALOG_COMPILER_APPICON_NAME = AppIcon;
				ASSETCATALOG_COMPILER_GLOBAL_ACCENT_COLOR_NAME = AccentColor;
				CODE_SIGN_STYLE = Automatic;
				CURRENT_PROJECT_VERSION = 1;
				DEVELOPMENT_TEAM = W2YCBP42JX;
				GENERATE_INFOPLIST_FILE = YES;
				INFOPLIST_FILE = Memory/Info.plist;
				INFOPLIST_KEY_UIApplicationSupportsIndirectInputEvents = YES;
				INFOPLIST_KEY_UILaunchStoryboardName = LaunchScreen;
				INFOPLIST_KEY_UIMainStoryboardFile = Main;
				INFOPLIST_KEY_UISupportedInterfaceOrientations_iPad = "UIInterfaceOrientationPortrait UIInterfaceOrientationPortraitUpsideDown UIInterfaceOrientationLandscapeLeft UIInterfaceOrientationLandscapeRight";
				INFOPLIST_KEY_UISupportedInterfaceOrientations_iPhone = "UIInterfaceOrientationPortrait UIInterfaceOrientationLandscapeLeft UIInterfaceOrientationLandscapeRight";
				IPHONEOS_DEPLOYMENT_TARGET = 15.6;
				LD_RUNPATH_SEARCH_PATHS = (
					"$(inherited)",
					"@executable_path/Frameworks",
				);
				MARKETING_VERSION = 1.0;
				PRODUCT_BUNDLE_IDENTIFIER = ZSL.MemoryGame;
				PRODUCT_NAME = "$(TARGET_NAME)";
				SWIFT_EMIT_LOC_STRINGS = YES;
				SWIFT_VERSION = 5.0;
				TARGETED_DEVICE_FAMILY = "1,2";
			};
			name = Release;
		};
		088655D029277ADF00A9B844 /* Debug */ = {
			isa = XCBuildConfiguration;
			buildSettings = {
				ALWAYS_EMBED_SWIFT_STANDARD_LIBRARIES = YES;
				BUNDLE_LOADER = "$(TEST_HOST)";
				CODE_SIGN_STYLE = Automatic;
				CURRENT_PROJECT_VERSION = 1;
				DEVELOPMENT_TEAM = W2YCBP42JX;
				GENERATE_INFOPLIST_FILE = YES;
				IPHONEOS_DEPLOYMENT_TARGET = 16.0;
				MARKETING_VERSION = 1.0;
				PRODUCT_BUNDLE_IDENTIFIER = ZSL.MemoryTests;
				PRODUCT_NAME = "$(TARGET_NAME)";
				SWIFT_EMIT_LOC_STRINGS = NO;
				SWIFT_VERSION = 5.0;
				TARGETED_DEVICE_FAMILY = "1,2";
				TEST_HOST = "$(BUILT_PRODUCTS_DIR)/Memory.app/$(BUNDLE_EXECUTABLE_FOLDER_PATH)/Memory";
			};
			name = Debug;
		};
		088655D129277ADF00A9B844 /* Release */ = {
			isa = XCBuildConfiguration;
			buildSettings = {
				ALWAYS_EMBED_SWIFT_STANDARD_LIBRARIES = YES;
				BUNDLE_LOADER = "$(TEST_HOST)";
				CODE_SIGN_STYLE = Automatic;
				CURRENT_PROJECT_VERSION = 1;
				DEVELOPMENT_TEAM = W2YCBP42JX;
				GENERATE_INFOPLIST_FILE = YES;
				IPHONEOS_DEPLOYMENT_TARGET = 16.0;
				MARKETING_VERSION = 1.0;
				PRODUCT_BUNDLE_IDENTIFIER = ZSL.MemoryTests;
				PRODUCT_NAME = "$(TARGET_NAME)";
				SWIFT_EMIT_LOC_STRINGS = NO;
				SWIFT_VERSION = 5.0;
				TARGETED_DEVICE_FAMILY = "1,2";
				TEST_HOST = "$(BUILT_PRODUCTS_DIR)/Memory.app/$(BUNDLE_EXECUTABLE_FOLDER_PATH)/Memory";
			};
			name = Release;
		};
		088655D329277ADF00A9B844 /* Debug */ = {
			isa = XCBuildConfiguration;
			buildSettings = {
				ALWAYS_EMBED_SWIFT_STANDARD_LIBRARIES = YES;
				CODE_SIGN_STYLE = Automatic;
				CURRENT_PROJECT_VERSION = 1;
				DEVELOPMENT_TEAM = W2YCBP42JX;
				GENERATE_INFOPLIST_FILE = YES;
				MARKETING_VERSION = 1.0;
				PRODUCT_BUNDLE_IDENTIFIER = ZSL.MemoryUITests;
				PRODUCT_NAME = "$(TARGET_NAME)";
				SWIFT_EMIT_LOC_STRINGS = NO;
				SWIFT_VERSION = 5.0;
				TARGETED_DEVICE_FAMILY = "1,2";
				TEST_TARGET_NAME = Memory;
			};
			name = Debug;
		};
		088655D429277ADF00A9B844 /* Release */ = {
			isa = XCBuildConfiguration;
			buildSettings = {
				ALWAYS_EMBED_SWIFT_STANDARD_LIBRARIES = YES;
				CODE_SIGN_STYLE = Automatic;
				CURRENT_PROJECT_VERSION = 1;
				DEVELOPMENT_TEAM = W2YCBP42JX;
				GENERATE_INFOPLIST_FILE = YES;
				MARKETING_VERSION = 1.0;
				PRODUCT_BUNDLE_IDENTIFIER = ZSL.MemoryUITests;
				PRODUCT_NAME = "$(TARGET_NAME)";
				SWIFT_EMIT_LOC_STRINGS = NO;
				SWIFT_VERSION = 5.0;
				TARGETED_DEVICE_FAMILY = "1,2";
				TEST_TARGET_NAME = Memory;
			};
			name = Release;
		};
/* End XCBuildConfiguration section */

/* Begin XCConfigurationList section */
		0886559D29277ADD00A9B844 /* Build configuration list for PBXProject "Memory" */ = {
			isa = XCConfigurationList;
			buildConfigurations = (
				088655CA29277ADF00A9B844 /* Debug */,
				088655CB29277ADF00A9B844 /* Release */,
			);
			defaultConfigurationIsVisible = 0;
			defaultConfigurationName = Release;
		};
		088655CC29277ADF00A9B844 /* Build configuration list for PBXNativeTarget "Memory" */ = {
			isa = XCConfigurationList;
			buildConfigurations = (
				088655CD29277ADF00A9B844 /* Debug */,
				088655CE29277ADF00A9B844 /* Release */,
			);
			defaultConfigurationIsVisible = 0;
			defaultConfigurationName = Release;
		};
		088655CF29277ADF00A9B844 /* Build configuration list for PBXNativeTarget "MemoryTests" */ = {
			isa = XCConfigurationList;
			buildConfigurations = (
				088655D029277ADF00A9B844 /* Debug */,
				088655D129277ADF00A9B844 /* Release */,
			);
			defaultConfigurationIsVisible = 0;
			defaultConfigurationName = Release;
		};
		088655D229277ADF00A9B844 /* Build configuration list for PBXNativeTarget "MemoryUITests" */ = {
			isa = XCConfigurationList;
			buildConfigurations = (
				088655D329277ADF00A9B844 /* Debug */,
				088655D429277ADF00A9B844 /* Release */,
			);
			defaultConfigurationIsVisible = 0;
			defaultConfigurationName = Release;
		};
/* End XCConfigurationList section */
	};
	rootObject = 0886559A29277ADD00A9B844 /* Project object */;
}
